// !$*UTF8*$!
{
	archiveVersion = 1;
	classes = {
	};
	objectVersion = 50;
	objects = {

/* Begin PBXBuildFile section */
		CBA07130210889BF00968AD7 /* SXBSegmentedControl.h in Headers */ = {isa = PBXBuildFile; fileRef = CBA0712E210889BF00968AD7 /* SXBSegmentedControl.h */; settings = {ATTRIBUTES = (Public, ); }; };
		CBA0715021088E2900968AD7 /* SXBSegmentedControl.swift in Sources */ = {isa = PBXBuildFile; fileRef = CBA0714E21088E2800968AD7 /* SXBSegmentedControl.swift */; };
		CBA0715121088E2900968AD7 /* SXBSegmentedControlModel.swift in Sources */ = {isa = PBXBuildFile; fileRef = CBA0714F21088E2900968AD7 /* SXBSegmentedControlModel.swift */; };
		CBA0715D2108945700968AD7 /* ViewController.swift in Sources */ = {isa = PBXBuildFile; fileRef = CBA071552108945700968AD7 /* ViewController.swift */; };
		CBA0715E2108945700968AD7 /* Assets.xcassets in Resources */ = {isa = PBXBuildFile; fileRef = CBA071562108945700968AD7 /* Assets.xcassets */; };
		CBA0715F2108945700968AD7 /* LaunchScreen.storyboard in Resources */ = {isa = PBXBuildFile; fileRef = CBA071572108945700968AD7 /* LaunchScreen.storyboard */; };
		CBA071602108945700968AD7 /* Main.storyboard in Resources */ = {isa = PBXBuildFile; fileRef = CBA071592108945700968AD7 /* Main.storyboard */; };
		CBA071612108945700968AD7 /* AppDelegate.swift in Sources */ = {isa = PBXBuildFile; fileRef = CBA0715B2108945700968AD7 /* AppDelegate.swift */; };
		CBA837AB21096BDC00B21549 /* SXBSegmentedControl.framework in Frameworks */ = {isa = PBXBuildFile; fileRef = CBA0712B210889BF00968AD7 /* SXBSegmentedControl.framework */; };
		CBA837AC21096BDC00B21549 /* SXBSegmentedControl.framework in Embed Frameworks */ = {isa = PBXBuildFile; fileRef = CBA0712B210889BF00968AD7 /* SXBSegmentedControl.framework */; settings = {ATTRIBUTES = (CodeSignOnCopy, RemoveHeadersOnCopy, ); }; };
		CBA837B6210ACDDB00B21549 /* DemoViewController.swift in Sources */ = {isa = PBXBuildFile; fileRef = CBA837B5210ACDDB00B21549 /* DemoViewController.swift */; };
		CBC200C321101323003EB466 /* SXBSegmentedControlModel.swift in Headers */ = {isa = PBXBuildFile; fileRef = CBA0714F21088E2900968AD7 /* SXBSegmentedControlModel.swift */; settings = {ATTRIBUTES = (Public, ); }; };
		CBC200C421101323003EB466 /* SXBSegmentedControl.swift in Headers */ = {isa = PBXBuildFile; fileRef = CBA0714E21088E2800968AD7 /* SXBSegmentedControl.swift */; settings = {ATTRIBUTES = (Public, ); }; };
/* End PBXBuildFile section */

/* Begin PBXContainerItemProxy section */
		CBA837AD21096BDC00B21549 /* PBXContainerItemProxy */ = {
			isa = PBXContainerItemProxy;
			containerPortal = CBA07122210889BF00968AD7 /* Project object */;
			proxyType = 1;
			remoteGlobalIDString = CBA0712A210889BF00968AD7;
			remoteInfo = SXBSegmentedControl;
		};
/* End PBXContainerItemProxy section */

/* Begin PBXCopyFilesBuildPhase section */
		CBA837AF21096BDC00B21549 /* Embed Frameworks */ = {
			isa = PBXCopyFilesBuildPhase;
			buildActionMask = 2147483647;
			dstPath = "";
			dstSubfolderSpec = 10;
			files = (
				CBA837AC21096BDC00B21549 /* SXBSegmentedControl.framework in Embed Frameworks */,
			);
			name = "Embed Frameworks";
			runOnlyForDeploymentPostprocessing = 0;
		};
/* End PBXCopyFilesBuildPhase section */

/* Begin PBXFileReference section */
		CBA0712B210889BF00968AD7 /* SXBSegmentedControl.framework */ = {isa = PBXFileReference; explicitFileType = wrapper.framework; includeInIndex = 0; path = SXBSegmentedControl.framework; sourceTree = BUILT_PRODUCTS_DIR; };
		CBA0712E210889BF00968AD7 /* SXBSegmentedControl.h */ = {isa = PBXFileReference; lastKnownFileType = sourcecode.c.h; path = SXBSegmentedControl.h; sourceTree = "<group>"; };
		CBA0713A21088A3A00968AD7 /* SXBSegmentedControlDemo.app */ = {isa = PBXFileReference; explicitFileType = wrapper.application; includeInIndex = 0; path = SXBSegmentedControlDemo.app; sourceTree = BUILT_PRODUCTS_DIR; };
		CBA0714E21088E2800968AD7 /* SXBSegmentedControl.swift */ = {isa = PBXFileReference; fileEncoding = 4; lastKnownFileType = sourcecode.swift; path = SXBSegmentedControl.swift; sourceTree = "<group>"; };
		CBA0714F21088E2900968AD7 /* SXBSegmentedControlModel.swift */ = {isa = PBXFileReference; fileEncoding = 4; lastKnownFileType = sourcecode.swift; path = SXBSegmentedControlModel.swift; sourceTree = "<group>"; };
		CBA0715221088F5200968AD7 /* Info.plist */ = {isa = PBXFileReference; fileEncoding = 4; lastKnownFileType = text.plist.xml; path = Info.plist; sourceTree = "<group>"; };
		CBA071552108945700968AD7 /* ViewController.swift */ = {isa = PBXFileReference; fileEncoding = 4; lastKnownFileType = sourcecode.swift; path = ViewController.swift; sourceTree = "<group>"; };
		CBA071562108945700968AD7 /* Assets.xcassets */ = {isa = PBXFileReference; lastKnownFileType = folder.assetcatalog; path = Assets.xcassets; sourceTree = "<group>"; };
		CBA071582108945700968AD7 /* Base */ = {isa = PBXFileReference; lastKnownFileType = file.storyboard; name = Base; path = Base.lproj/LaunchScreen.storyboard; sourceTree = "<group>"; };
		CBA0715A2108945700968AD7 /* Base */ = {isa = PBXFileReference; lastKnownFileType = file.storyboard; name = Base; path = Base.lproj/Main.storyboard; sourceTree = "<group>"; };
		CBA0715B2108945700968AD7 /* AppDelegate.swift */ = {isa = PBXFileReference; fileEncoding = 4; lastKnownFileType = sourcecode.swift; path = AppDelegate.swift; sourceTree = "<group>"; };
		CBA0715C2108945700968AD7 /* Info.plist */ = {isa = PBXFileReference; fileEncoding = 4; lastKnownFileType = text.plist.xml; path = Info.plist; sourceTree = "<group>"; };
		CBA837B5210ACDDB00B21549 /* DemoViewController.swift */ = {isa = PBXFileReference; lastKnownFileType = sourcecode.swift; path = DemoViewController.swift; sourceTree = "<group>"; };
/* End PBXFileReference section */

/* Begin PBXFrameworksBuildPhase section */
		CBA07127210889BF00968AD7 /* Frameworks */ = {
			isa = PBXFrameworksBuildPhase;
			buildActionMask = 2147483647;
			files = (
			);
			runOnlyForDeploymentPostprocessing = 0;
		};
		CBA0713721088A3A00968AD7 /* Frameworks */ = {
			isa = PBXFrameworksBuildPhase;
			buildActionMask = 2147483647;
			files = (
				CBA837AB21096BDC00B21549 /* SXBSegmentedControl.framework in Frameworks */,
			);
			runOnlyForDeploymentPostprocessing = 0;
		};
/* End PBXFrameworksBuildPhase section */

/* Begin PBXGroup section */
		CBA07121210889BF00968AD7 = {
			isa = PBXGroup;
			children = (
				CBA071542108945700968AD7 /* Demo */,
				CBA0712D210889BF00968AD7 /* SXBSegmentedControl */,
				CBA0712C210889BF00968AD7 /* Products */,
				CBA837A921096BD100B21549 /* Frameworks */,
			);
			sourceTree = "<group>";
		};
		CBA0712C210889BF00968AD7 /* Products */ = {
			isa = PBXGroup;
			children = (
				CBA0712B210889BF00968AD7 /* SXBSegmentedControl.framework */,
				CBA0713A21088A3A00968AD7 /* SXBSegmentedControlDemo.app */,
			);
			name = Products;
			sourceTree = "<group>";
		};
		CBA0712D210889BF00968AD7 /* SXBSegmentedControl */ = {
			isa = PBXGroup;
			children = (
				CBA0714D21088A8000968AD7 /* SupportingFiles */,
				CBA0714C21088A6900968AD7 /* Sources */,
			);
			path = SXBSegmentedControl;
			sourceTree = "<group>";
		};
		CBA0714C21088A6900968AD7 /* Sources */ = {
			isa = PBXGroup;
			children = (
				CBA0712E210889BF00968AD7 /* SXBSegmentedControl.h */,
				CBA0714F21088E2900968AD7 /* SXBSegmentedControlModel.swift */,
				CBA0714E21088E2800968AD7 /* SXBSegmentedControl.swift */,
			);
			path = Sources;
			sourceTree = "<group>";
		};
		CBA0714D21088A8000968AD7 /* SupportingFiles */ = {
			isa = PBXGroup;
			children = (
				CBA0715221088F5200968AD7 /* Info.plist */,
			);
			path = SupportingFiles;
			sourceTree = "<group>";
		};
		CBA071542108945700968AD7 /* Demo */ = {
			isa = PBXGroup;
			children = (
				CBA071552108945700968AD7 /* ViewController.swift */,
				CBA837B5210ACDDB00B21549 /* DemoViewController.swift */,
				CBA071562108945700968AD7 /* Assets.xcassets */,
				CBA071572108945700968AD7 /* LaunchScreen.storyboard */,
				CBA071592108945700968AD7 /* Main.storyboard */,
				CBA0715B2108945700968AD7 /* AppDelegate.swift */,
				CBA0715C2108945700968AD7 /* Info.plist */,
			);
			path = Demo;
			sourceTree = SOURCE_ROOT;
		};
		CBA837A921096BD100B21549 /* Frameworks */ = {
			isa = PBXGroup;
			children = (
			);
			name = Frameworks;
			sourceTree = "<group>";
		};
/* End PBXGroup section */

/* Begin PBXHeadersBuildPhase section */
		CBA07128210889BF00968AD7 /* Headers */ = {
			isa = PBXHeadersBuildPhase;
			buildActionMask = 2147483647;
			files = (
				CBA07130210889BF00968AD7 /* SXBSegmentedControl.h in Headers */,
				CBC200C321101323003EB466 /* SXBSegmentedControlModel.swift in Headers */,
				CBC200C421101323003EB466 /* SXBSegmentedControl.swift in Headers */,
			);
			runOnlyForDeploymentPostprocessing = 0;
		};
/* End PBXHeadersBuildPhase section */

/* Begin PBXNativeTarget section */
		CBA0712A210889BF00968AD7 /* SXBSegmentedControl */ = {
			isa = PBXNativeTarget;
			buildConfigurationList = CBA07133210889BF00968AD7 /* Build configuration list for PBXNativeTarget "SXBSegmentedControl" */;
			buildPhases = (
				CBA07126210889BF00968AD7 /* Sources */,
				CBA07127210889BF00968AD7 /* Frameworks */,
				CBA07128210889BF00968AD7 /* Headers */,
				CBA07129210889BF00968AD7 /* Resources */,
			);
			buildRules = (
			);
			dependencies = (
			);
			name = SXBSegmentedControl;
			productName = SXBSegmentedControl;
			productReference = CBA0712B210889BF00968AD7 /* SXBSegmentedControl.framework */;
			productType = "com.apple.product-type.framework";
		};
		CBA0713921088A3A00968AD7 /* SXBSegmentedControlDemo */ = {
			isa = PBXNativeTarget;
			buildConfigurationList = CBA0714921088A3B00968AD7 /* Build configuration list for PBXNativeTarget "SXBSegmentedControlDemo" */;
			buildPhases = (
				CBA0713621088A3A00968AD7 /* Sources */,
				CBA0713721088A3A00968AD7 /* Frameworks */,
				CBA0713821088A3A00968AD7 /* Resources */,
				CBA837AF21096BDC00B21549 /* Embed Frameworks */,
				CBA837B021096C9C00B21549 /* ShellScript */,
			);
			buildRules = (
			);
			dependencies = (
				CBA837AE21096BDC00B21549 /* PBXTargetDependency */,
			);
			name = SXBSegmentedControlDemo;
			productName = SXBSegmentedControlDemo;
			productReference = CBA0713A21088A3A00968AD7 /* SXBSegmentedControlDemo.app */;
			productType = "com.apple.product-type.application";
		};
/* End PBXNativeTarget section */

/* Begin PBXProject section */
		CBA07122210889BF00968AD7 /* Project object */ = {
			isa = PBXProject;
			attributes = {
				LastSwiftUpdateCheck = 0940;
				LastUpgradeCheck = 0940;
				ORGANIZATIONNAME = dev_min;
				TargetAttributes = {
					CBA0712A210889BF00968AD7 = {
						CreatedOnToolsVersion = 9.4.1;
						LastSwiftMigration = 0940;
					};
					CBA0713921088A3A00968AD7 = {
						CreatedOnToolsVersion = 9.4.1;
					};
				};
			};
			buildConfigurationList = CBA07125210889BF00968AD7 /* Build configuration list for PBXProject "SXBSegmentedControl" */;
			compatibilityVersion = "Xcode 9.3";
			developmentRegion = en;
			hasScannedForEncodings = 0;
			knownRegions = (
				en,
				Base,
			);
			mainGroup = CBA07121210889BF00968AD7;
			productRefGroup = CBA0712C210889BF00968AD7 /* Products */;
			projectDirPath = "";
			projectRoot = "";
			targets = (
				CBA0713921088A3A00968AD7 /* SXBSegmentedControlDemo */,
				CBA0712A210889BF00968AD7 /* SXBSegmentedControl */,
			);
		};
/* End PBXProject section */

/* Begin PBXResourcesBuildPhase section */
		CBA07129210889BF00968AD7 /* Resources */ = {
			isa = PBXResourcesBuildPhase;
			buildActionMask = 2147483647;
			files = (
			);
			runOnlyForDeploymentPostprocessing = 0;
		};
		CBA0713821088A3A00968AD7 /* Resources */ = {
			isa = PBXResourcesBuildPhase;
			buildActionMask = 2147483647;
			files = (
				CBA071602108945700968AD7 /* Main.storyboard in Resources */,
				CBA0715E2108945700968AD7 /* Assets.xcassets in Resources */,
				CBA0715F2108945700968AD7 /* LaunchScreen.storyboard in Resources */,
			);
			runOnlyForDeploymentPostprocessing = 0;
		};
/* End PBXResourcesBuildPhase section */

/* Begin PBXShellScriptBuildPhase section */
		CBA837B021096C9C00B21549 /* ShellScript */ = {
			isa = PBXShellScriptBuildPhase;
			buildActionMask = 2147483647;
			files = (
			);
			inputPaths = (
				"$(SRCROOT)/Carthage/Build/iOS/SXBSegmentedControl.framework",
			);
			outputPaths = (
			);
			runOnlyForDeploymentPostprocessing = 0;
			shellPath = /bin/sh;
			shellScript = "/usr/local/bin/carthage copy-frameworks";
		};
/* End PBXShellScriptBuildPhase section */

/* Begin PBXSourcesBuildPhase section */
		CBA07126210889BF00968AD7 /* Sources */ = {
			isa = PBXSourcesBuildPhase;
			buildActionMask = 2147483647;
			files = (
				CBA0715121088E2900968AD7 /* SXBSegmentedControlModel.swift in Sources */,
				CBA0715021088E2900968AD7 /* SXBSegmentedControl.swift in Sources */,
			);
			runOnlyForDeploymentPostprocessing = 0;
		};
		CBA0713621088A3A00968AD7 /* Sources */ = {
			isa = PBXSourcesBuildPhase;
			buildActionMask = 2147483647;
			files = (
				CBA837B6210ACDDB00B21549 /* DemoViewController.swift in Sources */,
				CBA071612108945700968AD7 /* AppDelegate.swift in Sources */,
				CBA0715D2108945700968AD7 /* ViewController.swift in Sources */,
			);
			runOnlyForDeploymentPostprocessing = 0;
		};
/* End PBXSourcesBuildPhase section */

/* Begin PBXTargetDependency section */
		CBA837AE21096BDC00B21549 /* PBXTargetDependency */ = {
			isa = PBXTargetDependency;
			target = CBA0712A210889BF00968AD7 /* SXBSegmentedControl */;
			targetProxy = CBA837AD21096BDC00B21549 /* PBXContainerItemProxy */;
		};
/* End PBXTargetDependency section */

/* Begin PBXVariantGroup section */
		CBA071572108945700968AD7 /* LaunchScreen.storyboard */ = {
			isa = PBXVariantGroup;
			children = (
				CBA071582108945700968AD7 /* Base */,
			);
			name = LaunchScreen.storyboard;
			sourceTree = "<group>";
		};
		CBA071592108945700968AD7 /* Main.storyboard */ = {
			isa = PBXVariantGroup;
			children = (
				CBA0715A2108945700968AD7 /* Base */,
			);
			name = Main.storyboard;
			sourceTree = "<group>";
		};
/* End PBXVariantGroup section */

/* Begin XCBuildConfiguration section */
		CBA07131210889BF00968AD7 /* Debug */ = {
			isa = XCBuildConfiguration;
			buildSettings = {
				ALWAYS_SEARCH_USER_PATHS = NO;
				CLANG_ANALYZER_NONNULL = YES;
				CLANG_ANALYZER_NUMBER_OBJECT_CONVERSION = YES_AGGRESSIVE;
				CLANG_CXX_LANGUAGE_STANDARD = "gnu++14";
				CLANG_CXX_LIBRARY = "libc++";
				CLANG_ENABLE_MODULES = YES;
				CLANG_ENABLE_OBJC_ARC = YES;
				CLANG_ENABLE_OBJC_WEAK = YES;
				CLANG_WARN_BLOCK_CAPTURE_AUTORELEASING = YES;
				CLANG_WARN_BOOL_CONVERSION = YES;
				CLANG_WARN_COMMA = YES;
				CLANG_WARN_CONSTANT_CONVERSION = YES;
				CLANG_WARN_DEPRECATED_OBJC_IMPLEMENTATIONS = YES;
				CLANG_WARN_DIRECT_OBJC_ISA_USAGE = YES_ERROR;
				CLANG_WARN_DOCUMENTATION_COMMENTS = YES;
				CLANG_WARN_EMPTY_BODY = YES;
				CLANG_WARN_ENUM_CONVERSION = YES;
				CLANG_WARN_INFINITE_RECURSION = YES;
				CLANG_WARN_INT_CONVERSION = YES;
				CLANG_WARN_NON_LITERAL_NULL_CONVERSION = YES;
				CLANG_WARN_OBJC_IMPLICIT_RETAIN_SELF = YES;
				CLANG_WARN_OBJC_LITERAL_CONVERSION = YES;
				CLANG_WARN_OBJC_ROOT_CLASS = YES_ERROR;
				CLANG_WARN_RANGE_LOOP_ANALYSIS = YES;
				CLANG_WARN_STRICT_PROTOTYPES = YES;
				CLANG_WARN_SUSPICIOUS_MOVE = YES;
				CLANG_WARN_UNGUARDED_AVAILABILITY = YES_AGGRESSIVE;
				CLANG_WARN_UNREACHABLE_CODE = YES;
				CLANG_WARN__DUPLICATE_METHOD_MATCH = YES;
				CODE_SIGN_IDENTITY = "iPhone Developer";
				COPY_PHASE_STRIP = NO;
				CURRENT_PROJECT_VERSION = 1;
				DEBUG_INFORMATION_FORMAT = dwarf;
				ENABLE_STRICT_OBJC_MSGSEND = YES;
				ENABLE_TESTABILITY = YES;
				GCC_C_LANGUAGE_STANDARD = gnu11;
				GCC_DYNAMIC_NO_PIC = NO;
				GCC_NO_COMMON_BLOCKS = YES;
				GCC_OPTIMIZATION_LEVEL = 0;
				GCC_PREPROCESSOR_DEFINITIONS = (
					"DEBUG=1",
					"$(inherited)",
				);
				GCC_WARN_64_TO_32_BIT_CONVERSION = YES;
				GCC_WARN_ABOUT_RETURN_TYPE = YES_ERROR;
				GCC_WARN_UNDECLARED_SELECTOR = YES;
				GCC_WARN_UNINITIALIZED_AUTOS = YES_AGGRESSIVE;
				GCC_WARN_UNUSED_FUNCTION = YES;
				GCC_WARN_UNUSED_VARIABLE = YES;
				IPHONEOS_DEPLOYMENT_TARGET = 9.0;
				MTL_ENABLE_DEBUG_INFO = YES;
				ONLY_ACTIVE_ARCH = YES;
				SDKROOT = iphoneos;
				SWIFT_ACTIVE_COMPILATION_CONDITIONS = DEBUG;
				SWIFT_OPTIMIZATION_LEVEL = "-Onone";
				VERSIONING_SYSTEM = "apple-generic";
				VERSION_INFO_PREFIX = "";
			};
			name = Debug;
		};
		CBA07132210889BF00968AD7 /* Release */ = {
			isa = XCBuildConfiguration;
			buildSettings = {
				ALWAYS_SEARCH_USER_PATHS = NO;
				CLANG_ANALYZER_NONNULL = YES;
				CLANG_ANALYZER_NUMBER_OBJECT_CONVERSION = YES_AGGRESSIVE;
				CLANG_CXX_LANGUAGE_STANDARD = "gnu++14";
				CLANG_CXX_LIBRARY = "libc++";
				CLANG_ENABLE_MODULES = YES;
				CLANG_ENABLE_OBJC_ARC = YES;
				CLANG_ENABLE_OBJC_WEAK = YES;
				CLANG_WARN_BLOCK_CAPTURE_AUTORELEASING = YES;
				CLANG_WARN_BOOL_CONVERSION = YES;
				CLANG_WARN_COMMA = YES;
				CLANG_WARN_CONSTANT_CONVERSION = YES;
				CLANG_WARN_DEPRECATED_OBJC_IMPLEMENTATIONS = YES;
				CLANG_WARN_DIRECT_OBJC_ISA_USAGE = YES_ERROR;
				CLANG_WARN_DOCUMENTATION_COMMENTS = YES;
				CLANG_WARN_EMPTY_BODY = YES;
				CLANG_WARN_ENUM_CONVERSION = YES;
				CLANG_WARN_INFINITE_RECURSION = YES;
				CLANG_WARN_INT_CONVERSION = YES;
				CLANG_WARN_NON_LITERAL_NULL_CONVERSION = YES;
				CLANG_WARN_OBJC_IMPLICIT_RETAIN_SELF = YES;
				CLANG_WARN_OBJC_LITERAL_CONVERSION = YES;
				CLANG_WARN_OBJC_ROOT_CLASS = YES_ERROR;
				CLANG_WARN_RANGE_LOOP_ANALYSIS = YES;
				CLANG_WARN_STRICT_PROTOTYPES = YES;
				CLANG_WARN_SUSPICIOUS_MOVE = YES;
				CLANG_WARN_UNGUARDED_AVAILABILITY = YES_AGGRESSIVE;
				CLANG_WARN_UNREACHABLE_CODE = YES;
				CLANG_WARN__DUPLICATE_METHOD_MATCH = YES;
				CODE_SIGN_IDENTITY = "iPhone Developer";
				COPY_PHASE_STRIP = NO;
				CURRENT_PROJECT_VERSION = 1;
				DEBUG_INFORMATION_FORMAT = "dwarf-with-dsym";
				ENABLE_NS_ASSERTIONS = NO;
				ENABLE_STRICT_OBJC_MSGSEND = YES;
				GCC_C_LANGUAGE_STANDARD = gnu11;
				GCC_NO_COMMON_BLOCKS = YES;
				GCC_WARN_64_TO_32_BIT_CONVERSION = YES;
				GCC_WARN_ABOUT_RETURN_TYPE = YES_ERROR;
				GCC_WARN_UNDECLARED_SELECTOR = YES;
				GCC_WARN_UNINITIALIZED_AUTOS = YES_AGGRESSIVE;
				GCC_WARN_UNUSED_FUNCTION = YES;
				GCC_WARN_UNUSED_VARIABLE = YES;
				IPHONEOS_DEPLOYMENT_TARGET = 9.0;
				MTL_ENABLE_DEBUG_INFO = NO;
				SDKROOT = iphoneos;
				SWIFT_COMPILATION_MODE = wholemodule;
				SWIFT_OPTIMIZATION_LEVEL = "-O";
				VALIDATE_PRODUCT = YES;
				VERSIONING_SYSTEM = "apple-generic";
				VERSION_INFO_PREFIX = "";
			};
			name = Release;
		};
		CBA07134210889BF00968AD7 /* Debug */ = {
			isa = XCBuildConfiguration;
			buildSettings = {
				CLANG_ENABLE_MODULES = YES;
				CODE_SIGN_IDENTITY = "";
				CODE_SIGN_STYLE = Automatic;
				DEFINES_MODULE = YES;
				DYLIB_COMPATIBILITY_VERSION = 1;
				DYLIB_CURRENT_VERSION = 1;
				DYLIB_INSTALL_NAME_BASE = "@rpath";
				INFOPLIST_FILE = "$(SRCROOT)/SXBSegmentedControl/SupportingFiles/Info.plist";
				INSTALL_PATH = "$(LOCAL_LIBRARY_DIR)/Frameworks";
				IPHONEOS_DEPLOYMENT_TARGET = 9.0;
				LD_RUNPATH_SEARCH_PATHS = (
					"$(inherited)",
					"@executable_path/Frameworks",
					"@loader_path/Frameworks",
				);
				PRODUCT_BUNDLE_IDENTIFIER = sxb.com.cn.SXBSegmentedControl;
				PRODUCT_NAME = "$(TARGET_NAME:c99extidentifier)";
				SKIP_INSTALL = YES;
				SWIFT_OPTIMIZATION_LEVEL = "-Onone";
				SWIFT_VERSION = 4.0;
				TARGETED_DEVICE_FAMILY = "1,2";
			};
			name = Debug;
		};
		CBA07135210889BF00968AD7 /* Release */ = {
			isa = XCBuildConfiguration;
			buildSettings = {
				CLANG_ENABLE_MODULES = YES;
				CODE_SIGN_IDENTITY = "";
				CODE_SIGN_STYLE = Automatic;
				DEFINES_MODULE = YES;
				DYLIB_COMPATIBILITY_VERSION = 1;
				DYLIB_CURRENT_VERSION = 1;
				DYLIB_INSTALL_NAME_BASE = "@rpath";
				INFOPLIST_FILE = "$(SRCROOT)/SXBSegmentedControl/SupportingFiles/Info.plist";
				INSTALL_PATH = "$(LOCAL_LIBRARY_DIR)/Frameworks";
				IPHONEOS_DEPLOYMENT_TARGET = 9.0;
				LD_RUNPATH_SEARCH_PATHS = (
					"$(inherited)",
					"@executable_path/Frameworks",
					"@loader_path/Frameworks",
				);
				PRODUCT_BUNDLE_IDENTIFIER = sxb.com.cn.SXBSegmentedControl;
				PRODUCT_NAME = "$(TARGET_NAME:c99extidentifier)";
				SKIP_INSTALL = YES;
				SWIFT_VERSION = 4.0;
				TARGETED_DEVICE_FAMILY = "1,2";
			};
			name = Release;
		};
		CBA0714A21088A3B00968AD7 /* Debug */ = {
			isa = XCBuildConfiguration;
			buildSettings = {
				ALWAYS_EMBED_SWIFT_STANDARD_LIBRARIES = YES;
				ASSETCATALOG_COMPILER_APPICON_NAME = AppIcon;
				CODE_SIGN_STYLE = Automatic;
				FRAMEWORK_SEARCH_PATHS = "$(PROJECT_DIR)/Carthage/Build/iOS";
				INFOPLIST_FILE = "$(SRCROOT)/Demo/Info.plist";
				LD_RUNPATH_SEARCH_PATHS = (
					"$(inherited)",
					"@executable_path/Frameworks",
				);
				PRODUCT_BUNDLE_IDENTIFIER = sxb.com.cn.SXBSegmentedControlDemo;
				PRODUCT_NAME = "$(TARGET_NAME)";
				SWIFT_VERSION = 4.0;
				TARGETED_DEVICE_FAMILY = "1,2";
			};
			name = Debug;
		};
		CBA0714B21088A3B00968AD7 /* Release */ = {
			isa = XCBuildConfiguration;
			buildSettings = {
				ALWAYS_EMBED_SWIFT_STANDARD_LIBRARIES = YES;
				ASSETCATALOG_COMPILER_APPICON_NAME = AppIcon;
				CODE_SIGN_STYLE = Automatic;
				FRAMEWORK_SEARCH_PATHS = "$(PROJECT_DIR)/Carthage/Build/iOS";
				INFOPLIST_FILE = "$(SRCROOT)/Demo/Info.plist";
				LD_RUNPATH_SEARCH_PATHS = (
					"$(inherited)",
					"@executable_path/Frameworks",
				);
				PRODUCT_BUNDLE_IDENTIFIER = sxb.com.cn.SXBSegmentedControlDemo;
				PRODUCT_NAME = "$(TARGET_NAME)";
				SWIFT_VERSION = 4.0;
				TARGETED_DEVICE_FAMILY = "1,2";
			};
			name = Release;
		};
/* End XCBuildConfiguration section */

/* Begin XCConfigurationList section */
		CBA07125210889BF00968AD7 /* Build configuration list for PBXProject "SXBSegmentedControl" */ = {
			isa = XCConfigurationList;
			buildConfigurations = (
				CBA07131210889BF00968AD7 /* Debug */,
				CBA07132210889BF00968AD7 /* Release */,
			);
			defaultConfigurationIsVisible = 0;
			defaultConfigurationName = Release;
		};
		CBA07133210889BF00968AD7 /* Build configuration list for PBXNativeTarget "SXBSegmentedControl" */ = {
			isa = XCConfigurationList;
			buildConfigurations = (
				CBA07134210889BF00968AD7 /* Debug */,
				CBA07135210889BF00968AD7 /* Release */,
			);
			defaultConfigurationIsVisible = 0;
			defaultConfigurationName = Release;
		};
		CBA0714921088A3B00968AD7 /* Build configuration list for PBXNativeTarget "SXBSegmentedControlDemo" */ = {
			isa = XCConfigurationList;
			buildConfigurations = (
				CBA0714A21088A3B00968AD7 /* Debug */,
				CBA0714B21088A3B00968AD7 /* Release */,
			);
			defaultConfigurationIsVisible = 0;
			defaultConfigurationName = Release;
		};
/* End XCConfigurationList section */
	};
	rootObject = CBA07122210889BF00968AD7 /* Project object */;
}
